Microsoft Visual Studio Solution File, Format Version 12.00
# Visual Studio Version 17
VisualStudioVersion = 17.5.2.0
MinimumVisualStudioVersion = 10.0.40219.1
Project("{FAE04EC0-301F-11D3-BF4B-00C04F79EFBC}") = "FlujoCajaWpf", "FlujoCajaWpf.csproj", "{E73D5028-1116-31B9-2D7F-02262AA23773}"
EndProject
Global
	GlobalSection(SolutionConfigurationPlatforms) = preSolution
		Debug|Any CPU = Debug|Any CPU
		Release|Any CPU = Release|Any CPU
	EndGlobalSection
	GlobalSection(ProjectConfigurationPlatforms) = postSolution
		{E73D5028-1116-31B9-2D7F-02262AA23773}.Debug|Any CPU.ActiveCfg = Debug|Any CPU
		{E73D5028-1116-31B9-2D7F-02262AA23773}.Debug|Any CPU.Build.0 = Debug|Any CPU
		{E73D5028-1116-31B9-2D7F-02262AA23773}.Release|Any CPU.ActiveCfg = Release|Any CPU
		{E73D5028-1116-31B9-2D7F-02262AA23773}.Release|Any CPU.Build.0 = Release|Any CPU
	EndGlobalSection
	GlobalSection(SolutionProperties) = preSolution
		HideSolutionNode = FALSE
	EndGlobalSection
	GlobalSection(ExtensibilityGlobals) = postSolution
		SolutionGuid = {8F00F398-55E7-46F3-B3F7-09CA57F7A8A2}
	EndGlobalSection
EndGlobal
